
Microsoft Visual Studio Solution File, Format Version 12.00
# Visual Studio Version 17
VisualStudioVersion = 17.3.32922.545
MinimumVisualStudioVersion = 10.0.40219.1
Project("{FAE04EC0-301F-11D3-BF4B-00C04F79EFBC}") = "ModeleBD", "ModeleBD\ModeleBD.csproj", "{EB8F75A2-2CFD-4DBB-94F2-012B36FA0A93}"
EndProject
Global
	GlobalSection(SolutionConfigurationPlatforms) = preSolution
		Debug|Any CPU = Debug|Any CPU
		Release|Any CPU = Release|Any CPU
	EndGlobalSection
	GlobalSection(ProjectConfigurationPlatforms) = postSolution
		{EB8F75A2-2CFD-4DBB-94F2-012B36FA0A93}.Debug|Any CPU.ActiveCfg = Debug|Any CPU
		{EB8F75A2-2CFD-4DBB-94F2-012B36FA0A93}.Debug|Any CPU.Build.0 = Debug|Any CPU
		{EB8F75A2-2CFD-4DBB-94F2-012B36FA0A93}.Release|Any CPU.ActiveCfg = Release|Any CPU
		{EB8F75A2-2CFD-4DBB-94F2-012B36FA0A93}.Release|Any CPU.Build.0 = Release|Any CPU
	EndGlobalSection
	GlobalSection(SolutionProperties) = preSolution
		HideSolutionNode = FALSE
	EndGlobalSection
	GlobalSection(ExtensibilityGlobals) = postSolution
		SolutionGuid = {30BA5730-5768-4480-93C2-AE8E05F1E426}
	EndGlobalSection
EndGlobal
